
Microsoft Visual Studio Solution File, Format Version 12.00
# Visual Studio Version 17
VisualStudioVersion = 17.6.33829.357
MinimumVisualStudioVersion = 10.0.40219.1
Project("{FAE04EC0-301F-11D3-BF4B-00C04F79EFBC}") = "Ensync.Core", "Ensync.Core\Ensync.Core.csproj", "{81EDF7F2-2D12-4845-8DED-083CF9CDE5D8}"
EndProject
Global
	GlobalSection(SolutionConfigurationPlatforms) = preSolution
		Debug|Any CPU = Debug|Any CPU
		Release|Any CPU = Release|Any CPU
	EndGlobalSection
	GlobalSection(ProjectConfigurationPlatforms) = postSolution
		{81EDF7F2-2D12-4845-8DED-083CF9CDE5D8}.Debug|Any CPU.ActiveCfg = Debug|Any CPU
		{81EDF7F2-2D12-4845-8DED-083CF9CDE5D8}.Debug|Any CPU.Build.0 = Debug|Any CPU
		{81EDF7F2-2D12-4845-8DED-083CF9CDE5D8}.Release|Any CPU.ActiveCfg = Release|Any CPU
		{81EDF7F2-2D12-4845-8DED-083CF9CDE5D8}.Release|Any CPU.Build.0 = Release|Any CPU
	EndGlobalSection
	GlobalSection(SolutionProperties) = preSolution
		HideSolutionNode = FALSE
	EndGlobalSection
	GlobalSection(ExtensibilityGlobals) = postSolution
		SolutionGuid = {1BD41067-8E6C-4B85-ACCE-0B357745A25F}
	EndGlobalSection
EndGlobal
