
Microsoft Visual Studio Solution File, Format Version 12.00
# Visual Studio Version 17
VisualStudioVersion = 17.6.33829.357
MinimumVisualStudioVersion = 10.0.40219.1
Project("{9A19103F-16F7-4668-BE54-9A1E7A4F7556}") = "Ensync.Core", "Ensync.Core\Ensync.Core.csproj", "{81EDF7F2-2D12-4845-8DED-083CF9CDE5D8}"
EndProject
Project("{9A19103F-16F7-4668-BE54-9A1E7A4F7556}") = "Testing.Core", "Testing.Core\Testing.Core.csproj", "{36CE7BEF-A6DA-43D9-8B80-47E1A25B4032}"
EndProject
Project("{9A19103F-16F7-4668-BE54-9A1E7A4F7556}") = "Ensync.SqlServer", "Ensync.SqlServer\Ensync.SqlServer.csproj", "{10471B67-43B3-4E6A-9377-27DAD5D72ACC}"
EndProject
Project("{9A19103F-16F7-4668-BE54-9A1E7A4F7556}") = "Ensync.UI.WPF", "Ensync.UI.WPF\Ensync.UI.WPF.csproj", "{6BE8D8E1-6064-4B5B-B328-F72E80953F87}"
EndProject
Project("{9A19103F-16F7-4668-BE54-9A1E7A4F7556}") = "Ensync.CLI", "Ensync.CLI\Ensync.CLI.csproj", "{972AE4EF-BD78-4042-AAA3-624884787065}"
EndProject
Project("{9A19103F-16F7-4668-BE54-9A1E7A4F7556}") = "SampleDb", "SampleDb\SampleDb.csproj", "{31940ABA-4A3D-445A-B378-840D8F682A17}"
EndProject
Project("{9A19103F-16F7-4668-BE54-9A1E7A4F7556}") = "Ensync.Dotnet", "Ensync.Dotnet\Ensync.Dotnet.csproj", "{827B7AAE-5169-4E56-9B0C-59E4B65D2F17}"
EndProject
Global
	GlobalSection(SolutionConfigurationPlatforms) = preSolution
		Debug|Any CPU = Debug|Any CPU
		Release|Any CPU = Release|Any CPU
	EndGlobalSection
	GlobalSection(ProjectConfigurationPlatforms) = postSolution
		{81EDF7F2-2D12-4845-8DED-083CF9CDE5D8}.Debug|Any CPU.ActiveCfg = Debug|Any CPU
		{81EDF7F2-2D12-4845-8DED-083CF9CDE5D8}.Debug|Any CPU.Build.0 = Debug|Any CPU
		{81EDF7F2-2D12-4845-8DED-083CF9CDE5D8}.Release|Any CPU.ActiveCfg = Release|Any CPU
		{81EDF7F2-2D12-4845-8DED-083CF9CDE5D8}.Release|Any CPU.Build.0 = Release|Any CPU
		{36CE7BEF-A6DA-43D9-8B80-47E1A25B4032}.Debug|Any CPU.ActiveCfg = Debug|Any CPU
		{36CE7BEF-A6DA-43D9-8B80-47E1A25B4032}.Debug|Any CPU.Build.0 = Debug|Any CPU
		{36CE7BEF-A6DA-43D9-8B80-47E1A25B4032}.Release|Any CPU.ActiveCfg = Release|Any CPU
		{36CE7BEF-A6DA-43D9-8B80-47E1A25B4032}.Release|Any CPU.Build.0 = Release|Any CPU
		{10471B67-43B3-4E6A-9377-27DAD5D72ACC}.Debug|Any CPU.ActiveCfg = Debug|Any CPU
		{10471B67-43B3-4E6A-9377-27DAD5D72ACC}.Debug|Any CPU.Build.0 = Debug|Any CPU
		{10471B67-43B3-4E6A-9377-27DAD5D72ACC}.Release|Any CPU.ActiveCfg = Release|Any CPU
		{10471B67-43B3-4E6A-9377-27DAD5D72ACC}.Release|Any CPU.Build.0 = Release|Any CPU
		{6BE8D8E1-6064-4B5B-B328-F72E80953F87}.Debug|Any CPU.ActiveCfg = Debug|Any CPU
		{6BE8D8E1-6064-4B5B-B328-F72E80953F87}.Debug|Any CPU.Build.0 = Debug|Any CPU
		{6BE8D8E1-6064-4B5B-B328-F72E80953F87}.Release|Any CPU.ActiveCfg = Release|Any CPU
		{6BE8D8E1-6064-4B5B-B328-F72E80953F87}.Release|Any CPU.Build.0 = Release|Any CPU
		{972AE4EF-BD78-4042-AAA3-624884787065}.Debug|Any CPU.ActiveCfg = Debug|Any CPU
		{972AE4EF-BD78-4042-AAA3-624884787065}.Debug|Any CPU.Build.0 = Debug|Any CPU
		{972AE4EF-BD78-4042-AAA3-624884787065}.Release|Any CPU.ActiveCfg = Release|Any CPU
		{972AE4EF-BD78-4042-AAA3-624884787065}.Release|Any CPU.Build.0 = Release|Any CPU
		{31940ABA-4A3D-445A-B378-840D8F682A17}.Debug|Any CPU.ActiveCfg = Debug|Any CPU
		{31940ABA-4A3D-445A-B378-840D8F682A17}.Debug|Any CPU.Build.0 = Debug|Any CPU
		{31940ABA-4A3D-445A-B378-840D8F682A17}.Release|Any CPU.ActiveCfg = Release|Any CPU
		{31940ABA-4A3D-445A-B378-840D8F682A17}.Release|Any CPU.Build.0 = Release|Any CPU
		{827B7AAE-5169-4E56-9B0C-59E4B65D2F17}.Debug|Any CPU.ActiveCfg = Debug|Any CPU
		{827B7AAE-5169-4E56-9B0C-59E4B65D2F17}.Debug|Any CPU.Build.0 = Debug|Any CPU
		{827B7AAE-5169-4E56-9B0C-59E4B65D2F17}.Release|Any CPU.ActiveCfg = Release|Any CPU
		{827B7AAE-5169-4E56-9B0C-59E4B65D2F17}.Release|Any CPU.Build.0 = Release|Any CPU
	EndGlobalSection
	GlobalSection(SolutionProperties) = preSolution
		HideSolutionNode = FALSE
	EndGlobalSection
	GlobalSection(ExtensibilityGlobals) = postSolution
		SolutionGuid = {1BD41067-8E6C-4B85-ACCE-0B357745A25F}
	EndGlobalSection
EndGlobal
